// !$*UTF8*$!
{
	archiveVersion = 1;
	classes = {
	};
	objectVersion = 50;
	objects = {

/* Begin PBXBuildFile section */
		97D38D1B210A4D8D00150CF9 /* Summoner.swift in Sources */ = {isa = PBXBuildFile; fileRef = 97D38D1A210A4D8D00150CF9 /* Summoner.swift */; };
		97D38D22210A521000150CF9 /* RESTRequester.swift in Sources */ = {isa = PBXBuildFile; fileRef = 97D38D21210A521000150CF9 /* RESTRequester.swift */; };
		97D38D24210A532B00150CF9 /* ObjectMapper.swift in Sources */ = {isa = PBXBuildFile; fileRef = 97D38D23210A532B00150CF9 /* ObjectMapper.swift */; };
		97D38D29210A549500150CF9 /* APIKey.swift in Sources */ = {isa = PBXBuildFile; fileRef = 97D38D28210A549500150CF9 /* APIKey.swift */; };
		97D38D2B210A5A5C00150CF9 /* LeagueRequester.swift in Sources */ = {isa = PBXBuildFile; fileRef = 97D38D2A210A5A5C00150CF9 /* LeagueRequester.swift */; };
		97D38D2F210A5B7E00150CF9 /* LeagueMethod.swift in Sources */ = {isa = PBXBuildFile; fileRef = 97D38D2E210A5B7E00150CF9 /* LeagueMethod.swift */; };
		97D38D31210A5CDA00150CF9 /* SummonerMethod.swift in Sources */ = {isa = PBXBuildFile; fileRef = 97D38D30210A5CDA00150CF9 /* SummonerMethod.swift */; };
		97D38D33210A5F7200150CF9 /* SummonerBusiness.swift in Sources */ = {isa = PBXBuildFile; fileRef = 97D38D32210A5F7200150CF9 /* SummonerBusiness.swift */; };
		97D38D35210A623A00150CF9 /* LeagueAPI.swift in Sources */ = {isa = PBXBuildFile; fileRef = 97D38D34210A623A00150CF9 /* LeagueAPI.swift */; };
		97D38D37210A6AC900150CF9 /* RateLimit.swift in Sources */ = {isa = PBXBuildFile; fileRef = 97D38D36210A6AC900150CF9 /* RateLimit.swift */; };
		97D38D39210A75B800150CF9 /* Logger.swift in Sources */ = {isa = PBXBuildFile; fileRef = 97D38D38210A75B800150CF9 /* Logger.swift */; };
		97D38D3F210A7B0B00150CF9 /* ServiceProxy.swift in Sources */ = {isa = PBXBuildFile; fileRef = 97D38D3E210A7B0B00150CF9 /* ServiceProxy.swift */; };
		97D38D43210A7B4900150CF9 /* Region.swift in Sources */ = {isa = PBXBuildFile; fileRef = 97D38D42210A7B4900150CF9 /* Region.swift */; };
		97D38D45210A7BEF00150CF9 /* Platform.swift in Sources */ = {isa = PBXBuildFile; fileRef = 97D38D44210A7BEF00150CF9 /* Platform.swift */; };
		97D38D47210A80AA00150CF9 /* MethodPaths.swift in Sources */ = {isa = PBXBuildFile; fileRef = 97D38D46210A80AA00150CF9 /* MethodPaths.swift */; };
		97D38D4B210A823E00150CF9 /* Version.swift in Sources */ = {isa = PBXBuildFile; fileRef = 97D38D4A210A823E00150CF9 /* Version.swift */; };
		97D38D73210B9ED300150CF9 /* Rate.swift in Sources */ = {isa = PBXBuildFile; fileRef = 97D38D72210B9ED300150CF9 /* Rate.swift */; };
		97D38D75210C57E400150CF9 /* ChampionMastery.swift in Sources */ = {isa = PBXBuildFile; fileRef = 97D38D74210C57E300150CF9 /* ChampionMastery.swift */; };
		97D38D77210C5C4A00150CF9 /* APIBusiness.swift in Sources */ = {isa = PBXBuildFile; fileRef = 97D38D76210C5C4A00150CF9 /* APIBusiness.swift */; };
		97D38D79210C5D4600150CF9 /* ChampionMasteryBusiness.swift in Sources */ = {isa = PBXBuildFile; fileRef = 97D38D78210C5D4600150CF9 /* ChampionMasteryBusiness.swift */; };
		97D38D7B210C5D8500150CF9 /* ChampionMasteryMethod.swift in Sources */ = {isa = PBXBuildFile; fileRef = 97D38D7A210C5D8500150CF9 /* ChampionMasteryMethod.swift */; };
		97D38D7D210C69CB00150CF9 /* ChampionList.swift in Sources */ = {isa = PBXBuildFile; fileRef = 97D38D7C210C69CB00150CF9 /* ChampionList.swift */; };
		97D38D7F210C69FE00150CF9 /* Champion.swift in Sources */ = {isa = PBXBuildFile; fileRef = 97D38D7E210C69FE00150CF9 /* Champion.swift */; };
		97D38D81210C6BFB00150CF9 /* ChampionMethod.swift in Sources */ = {isa = PBXBuildFile; fileRef = 97D38D80210C6BFB00150CF9 /* ChampionMethod.swift */; };
		97D38D83210C6E9B00150CF9 /* ChampionBusiness.swift in Sources */ = {isa = PBXBuildFile; fileRef = 97D38D82210C6E9B00150CF9 /* ChampionBusiness.swift */; };
		97D38D85210C727300150CF9 /* League.swift in Sources */ = {isa = PBXBuildFile; fileRef = 97D38D84210C727300150CF9 /* League.swift */; };
		97D38D87210C728300150CF9 /* LeagueInfo.swift in Sources */ = {isa = PBXBuildFile; fileRef = 97D38D86210C728300150CF9 /* LeagueInfo.swift */; };
		97D38D89210C729900150CF9 /* Series.swift in Sources */ = {isa = PBXBuildFile; fileRef = 97D38D88210C729900150CF9 /* Series.swift */; };
		97D38D8B210C72E900150CF9 /* RankedPosition.swift in Sources */ = {isa = PBXBuildFile; fileRef = 97D38D8A210C72E900150CF9 /* RankedPosition.swift */; };
		97D38D8F210C7E8D00150CF9 /* Queue.swift in Sources */ = {isa = PBXBuildFile; fileRef = 97D38D8E210C7E8D00150CF9 /* Queue.swift */; };
		97D38D91210C85AC00150CF9 /* RankedMethod.swift in Sources */ = {isa = PBXBuildFile; fileRef = 97D38D90210C85AC00150CF9 /* RankedMethod.swift */; };
		97D38D93210C88E800150CF9 /* RankedBusiness.swift in Sources */ = {isa = PBXBuildFile; fileRef = 97D38D92210C88E800150CF9 /* RankedBusiness.swift */; };
		97D38D95210C9D2100150CF9 /* ServiceStatus.swift in Sources */ = {isa = PBXBuildFile; fileRef = 97D38D94210C9D2100150CF9 /* ServiceStatus.swift */; };
		97D38D97210C9D2C00150CF9 /* Service.swift in Sources */ = {isa = PBXBuildFile; fileRef = 97D38D96210C9D2C00150CF9 /* Service.swift */; };
		97D38D99210C9D3900150CF9 /* Incident.swift in Sources */ = {isa = PBXBuildFile; fileRef = 97D38D98210C9D3900150CF9 /* Incident.swift */; };
		97D38D9B210C9D4100150CF9 /* Message.swift in Sources */ = {isa = PBXBuildFile; fileRef = 97D38D9A210C9D4100150CF9 /* Message.swift */; };
		97D38D9D210C9D4E00150CF9 /* Translation.swift in Sources */ = {isa = PBXBuildFile; fileRef = 97D38D9C210C9D4E00150CF9 /* Translation.swift */; };
		97D38D9F210CA2E800150CF9 /* StatusMethod.swift in Sources */ = {isa = PBXBuildFile; fileRef = 97D38D9E210CA2E800150CF9 /* StatusMethod.swift */; };
		97D38DA1210CA3A100150CF9 /* StatusBusiness.swift in Sources */ = {isa = PBXBuildFile; fileRef = 97D38DA0210CA3A100150CF9 /* StatusBusiness.swift */; };
		97D38DA3210CA84E00150CF9 /* FeaturedGames.swift in Sources */ = {isa = PBXBuildFile; fileRef = 97D38DA2210CA84E00150CF9 /* FeaturedGames.swift */; };
		97D38DA5210CA86000150CF9 /* GameInfo.swift in Sources */ = {isa = PBXBuildFile; fileRef = 97D38DA4210CA86000150CF9 /* GameInfo.swift */; };
		97D38DA7210CA86F00150CF9 /* BannedChampion.swift in Sources */ = {isa = PBXBuildFile; fileRef = 97D38DA6210CA86F00150CF9 /* BannedChampion.swift */; };
		97D38DA9210CA88100150CF9 /* Observer.swift in Sources */ = {isa = PBXBuildFile; fileRef = 97D38DA8210CA88100150CF9 /* Observer.swift */; };
		97D38DAB210CA89B00150CF9 /* Participant.swift in Sources */ = {isa = PBXBuildFile; fileRef = 97D38DAA210CA89B00150CF9 /* Participant.swift */; };
		97D38DAF210CABA700150CF9 /* GameCustomObject.swift in Sources */ = {isa = PBXBuildFile; fileRef = 97D38DAE210CABA700150CF9 /* GameCustomObject.swift */; };
		97D38DB1210CABBA00150CF9 /* RunePage.swift in Sources */ = {isa = PBXBuildFile; fileRef = 97D38DB0210CABBA00150CF9 /* RunePage.swift */; };
		97D38DB3210CB3FD00150CF9 /* GameMode.swift in Sources */ = {isa = PBXBuildFile; fileRef = 97D38DB2210CB3FD00150CF9 /* GameMode.swift */; };
		97D38DB5210CC12800150CF9 /* SpectatorMethod.swift in Sources */ = {isa = PBXBuildFile; fileRef = 97D38DB4210CC12800150CF9 /* SpectatorMethod.swift */; };
		97D38DB7210CC2FE00150CF9 /* SpectatorBusiness.swift in Sources */ = {isa = PBXBuildFile; fileRef = 97D38DB6210CC2FE00150CF9 /* SpectatorBusiness.swift */; };
		97D38DB9210CC75E00150CF9 /* MatchList.swift in Sources */ = {isa = PBXBuildFile; fileRef = 97D38DB8210CC75E00150CF9 /* MatchList.swift */; };
		97D38DBB210CC78B00150CF9 /* MatchReference.swift in Sources */ = {isa = PBXBuildFile; fileRef = 97D38DBA210CC78B00150CF9 /* MatchReference.swift */; };
		97D38DBD210CCB3A00150CF9 /* Match.swift in Sources */ = {isa = PBXBuildFile; fileRef = 97D38DBC210CCB3A00150CF9 /* Match.swift */; };
		97D38DBF210CCC2100150CF9 /* MatchParticipant.swift in Sources */ = {isa = PBXBuildFile; fileRef = 97D38DBE210CCC2100150CF9 /* MatchParticipant.swift */; };
		97D38DC1210CCC3000150CF9 /* MatchPlayer.swift in Sources */ = {isa = PBXBuildFile; fileRef = 97D38DC0210CCC3000150CF9 /* MatchPlayer.swift */; };
		97D38DC3210CCC4700150CF9 /* TeamStats.swift in Sources */ = {isa = PBXBuildFile; fileRef = 97D38DC2210CCC4700150CF9 /* TeamStats.swift */; };
		97D38DC5210CCC6B00150CF9 /* TeamBan.swift in Sources */ = {isa = PBXBuildFile; fileRef = 97D38DC4210CCC6B00150CF9 /* TeamBan.swift */; };
		97D38DC7210CCCA400150CF9 /* MatchParticipantIdentity.swift in Sources */ = {isa = PBXBuildFile; fileRef = 97D38DC6210CCCA400150CF9 /* MatchParticipantIdentity.swift */; };
		97D38DC9210CCCB800150CF9 /* MatchParticipantStats.swift in Sources */ = {isa = PBXBuildFile; fileRef = 97D38DC8210CCCB800150CF9 /* MatchParticipantStats.swift */; };
		97D38DCB210CCCDB00150CF9 /* MatchParticipantTimeline.swift in Sources */ = {isa = PBXBuildFile; fileRef = 97D38DCA210CCCDB00150CF9 /* MatchParticipantTimeline.swift */; };
		97D38DCD210CCDE200150CF9 /* LegacyRune.swift in Sources */ = {isa = PBXBuildFile; fileRef = 97D38DCC210CCDE200150CF9 /* LegacyRune.swift */; };
		97D38DCF210CCDFD00150CF9 /* LegacyMastery.swift in Sources */ = {isa = PBXBuildFile; fileRef = 97D38DCE210CCDFD00150CF9 /* LegacyMastery.swift */; };
		97D38DD1210CF02300150CF9 /* MatchTimeline.swift in Sources */ = {isa = PBXBuildFile; fileRef = 97D38DD0210CF02300150CF9 /* MatchTimeline.swift */; };
		97D38DD3210CF03000150CF9 /* MatchFrame.swift in Sources */ = {isa = PBXBuildFile; fileRef = 97D38DD2210CF03000150CF9 /* MatchFrame.swift */; };
		97D38DD5210CF04000150CF9 /* MatchParticipantFrame.swift in Sources */ = {isa = PBXBuildFile; fileRef = 97D38DD4210CF04000150CF9 /* MatchParticipantFrame.swift */; };
		97D38DD7210CF04E00150CF9 /* MatchPosition.swift in Sources */ = {isa = PBXBuildFile; fileRef = 97D38DD6210CF04E00150CF9 /* MatchPosition.swift */; };
		97D38DD9210CF05C00150CF9 /* MatchEvent.swift in Sources */ = {isa = PBXBuildFile; fileRef = 97D38DD8210CF05C00150CF9 /* MatchEvent.swift */; };
		97D38DDB210CF85D00150CF9 /* MatchMethod.swift in Sources */ = {isa = PBXBuildFile; fileRef = 97D38DDA210CF85D00150CF9 /* MatchMethod.swift */; };
		97D38DDD210D0CEF00150CF9 /* MatchBusiness.swift in Sources */ = {isa = PBXBuildFile; fileRef = 97D38DDC210D0CEF00150CF9 /* MatchBusiness.swift */; };
		97D38DDF210D16C400150CF9 /* ThirdPartyCodeMethod.swift in Sources */ = {isa = PBXBuildFile; fileRef = 97D38DDE210D16C400150CF9 /* ThirdPartyCodeMethod.swift */; };
		97D38DE1210D17B700150CF9 /* ThirdPartyCodeBusiness.swift in Sources */ = {isa = PBXBuildFile; fileRef = 97D38DE0210D17B700150CF9 /* ThirdPartyCodeBusiness.swift */; };
		97D38DE3210DFC7000150CF9 /* TournamentEvent.swift in Sources */ = {isa = PBXBuildFile; fileRef = 97D38DE2210DFC7000150CF9 /* TournamentEvent.swift */; };
		97D38DE5210DFCB100150CF9 /* TournamentEventList.swift in Sources */ = {isa = PBXBuildFile; fileRef = 97D38DE4210DFCB100150CF9 /* TournamentEventList.swift */; };
		97D38DE7210DFD9A00150CF9 /* TournamentStubMethod.swift in Sources */ = {isa = PBXBuildFile; fileRef = 97D38DE6210DFD9A00150CF9 /* TournamentStubMethod.swift */; };
		97D38DEC210DFEEC00150CF9 /* TournamentInfo.swift in Sources */ = {isa = PBXBuildFile; fileRef = 97D38DEB210DFEEC00150CF9 /* TournamentInfo.swift */; };
		97D38DEE210DFFAB00150CF9 /* TournamentRegion.swift in Sources */ = {isa = PBXBuildFile; fileRef = 97D38DED210DFFAB00150CF9 /* TournamentRegion.swift */; };
		97FB449A210A493000C092AB /* LeagueAPI.h in Headers */ = {isa = PBXBuildFile; fileRef = 97FB4498210A492F00C092AB /* LeagueAPI.h */; settings = {ATTRIBUTES = (Public, ); }; };
/* End PBXBuildFile section */

/* Begin PBXFileReference section */
		97D38D1A210A4D8D00150CF9 /* Summoner.swift */ = {isa = PBXFileReference; lastKnownFileType = sourcecode.swift; path = Summoner.swift; sourceTree = "<group>"; };
		97D38D21210A521000150CF9 /* RESTRequester.swift */ = {isa = PBXFileReference; lastKnownFileType = sourcecode.swift; path = RESTRequester.swift; sourceTree = "<group>"; };
		97D38D23210A532B00150CF9 /* ObjectMapper.swift */ = {isa = PBXFileReference; lastKnownFileType = sourcecode.swift; path = ObjectMapper.swift; sourceTree = "<group>"; };
		97D38D28210A549500150CF9 /* APIKey.swift */ = {isa = PBXFileReference; lastKnownFileType = sourcecode.swift; path = APIKey.swift; sourceTree = "<group>"; };
		97D38D2A210A5A5C00150CF9 /* LeagueRequester.swift */ = {isa = PBXFileReference; lastKnownFileType = sourcecode.swift; path = LeagueRequester.swift; sourceTree = "<group>"; };
		97D38D2E210A5B7E00150CF9 /* LeagueMethod.swift */ = {isa = PBXFileReference; lastKnownFileType = sourcecode.swift; path = LeagueMethod.swift; sourceTree = "<group>"; };
		97D38D30210A5CDA00150CF9 /* SummonerMethod.swift */ = {isa = PBXFileReference; lastKnownFileType = sourcecode.swift; path = SummonerMethod.swift; sourceTree = "<group>"; };
		97D38D32210A5F7200150CF9 /* SummonerBusiness.swift */ = {isa = PBXFileReference; lastKnownFileType = sourcecode.swift; path = SummonerBusiness.swift; sourceTree = "<group>"; };
		97D38D34210A623A00150CF9 /* LeagueAPI.swift */ = {isa = PBXFileReference; lastKnownFileType = sourcecode.swift; path = LeagueAPI.swift; sourceTree = "<group>"; };
		97D38D36210A6AC900150CF9 /* RateLimit.swift */ = {isa = PBXFileReference; lastKnownFileType = sourcecode.swift; path = RateLimit.swift; sourceTree = "<group>"; };
		97D38D38210A75B800150CF9 /* Logger.swift */ = {isa = PBXFileReference; lastKnownFileType = sourcecode.swift; path = Logger.swift; sourceTree = "<group>"; };
		97D38D3E210A7B0B00150CF9 /* ServiceProxy.swift */ = {isa = PBXFileReference; lastKnownFileType = sourcecode.swift; path = ServiceProxy.swift; sourceTree = "<group>"; };
		97D38D42210A7B4900150CF9 /* Region.swift */ = {isa = PBXFileReference; lastKnownFileType = sourcecode.swift; path = Region.swift; sourceTree = "<group>"; };
		97D38D44210A7BEF00150CF9 /* Platform.swift */ = {isa = PBXFileReference; lastKnownFileType = sourcecode.swift; path = Platform.swift; sourceTree = "<group>"; };
		97D38D46210A80AA00150CF9 /* MethodPaths.swift */ = {isa = PBXFileReference; lastKnownFileType = sourcecode.swift; path = MethodPaths.swift; sourceTree = "<group>"; };
		97D38D4A210A823E00150CF9 /* Version.swift */ = {isa = PBXFileReference; lastKnownFileType = sourcecode.swift; path = Version.swift; sourceTree = "<group>"; };
		97D38D72210B9ED300150CF9 /* Rate.swift */ = {isa = PBXFileReference; lastKnownFileType = sourcecode.swift; path = Rate.swift; sourceTree = "<group>"; };
		97D38D74210C57E300150CF9 /* ChampionMastery.swift */ = {isa = PBXFileReference; lastKnownFileType = sourcecode.swift; path = ChampionMastery.swift; sourceTree = "<group>"; };
		97D38D76210C5C4A00150CF9 /* APIBusiness.swift */ = {isa = PBXFileReference; lastKnownFileType = sourcecode.swift; path = APIBusiness.swift; sourceTree = "<group>"; };
		97D38D78210C5D4600150CF9 /* ChampionMasteryBusiness.swift */ = {isa = PBXFileReference; lastKnownFileType = sourcecode.swift; path = ChampionMasteryBusiness.swift; sourceTree = "<group>"; };
		97D38D7A210C5D8500150CF9 /* ChampionMasteryMethod.swift */ = {isa = PBXFileReference; lastKnownFileType = sourcecode.swift; path = ChampionMasteryMethod.swift; sourceTree = "<group>"; };
		97D38D7C210C69CB00150CF9 /* ChampionList.swift */ = {isa = PBXFileReference; lastKnownFileType = sourcecode.swift; path = ChampionList.swift; sourceTree = "<group>"; };
		97D38D7E210C69FE00150CF9 /* Champion.swift */ = {isa = PBXFileReference; lastKnownFileType = sourcecode.swift; path = Champion.swift; sourceTree = "<group>"; };
		97D38D80210C6BFB00150CF9 /* ChampionMethod.swift */ = {isa = PBXFileReference; lastKnownFileType = sourcecode.swift; path = ChampionMethod.swift; sourceTree = "<group>"; };
		97D38D82210C6E9B00150CF9 /* ChampionBusiness.swift */ = {isa = PBXFileReference; lastKnownFileType = sourcecode.swift; path = ChampionBusiness.swift; sourceTree = "<group>"; };
		97D38D84210C727300150CF9 /* League.swift */ = {isa = PBXFileReference; lastKnownFileType = sourcecode.swift; path = League.swift; sourceTree = "<group>"; };
		97D38D86210C728300150CF9 /* LeagueInfo.swift */ = {isa = PBXFileReference; lastKnownFileType = sourcecode.swift; path = LeagueInfo.swift; sourceTree = "<group>"; };
		97D38D88210C729900150CF9 /* Series.swift */ = {isa = PBXFileReference; lastKnownFileType = sourcecode.swift; path = Series.swift; sourceTree = "<group>"; };
		97D38D8A210C72E900150CF9 /* RankedPosition.swift */ = {isa = PBXFileReference; lastKnownFileType = sourcecode.swift; path = RankedPosition.swift; sourceTree = "<group>"; };
		97D38D8E210C7E8D00150CF9 /* Queue.swift */ = {isa = PBXFileReference; lastKnownFileType = sourcecode.swift; path = Queue.swift; sourceTree = "<group>"; };
		97D38D90210C85AC00150CF9 /* RankedMethod.swift */ = {isa = PBXFileReference; lastKnownFileType = sourcecode.swift; path = RankedMethod.swift; sourceTree = "<group>"; };
		97D38D92210C88E800150CF9 /* RankedBusiness.swift */ = {isa = PBXFileReference; lastKnownFileType = sourcecode.swift; path = RankedBusiness.swift; sourceTree = "<group>"; };
		97D38D94210C9D2100150CF9 /* ServiceStatus.swift */ = {isa = PBXFileReference; lastKnownFileType = sourcecode.swift; path = ServiceStatus.swift; sourceTree = "<group>"; };
		97D38D96210C9D2C00150CF9 /* Service.swift */ = {isa = PBXFileReference; lastKnownFileType = sourcecode.swift; path = Service.swift; sourceTree = "<group>"; };
		97D38D98210C9D3900150CF9 /* Incident.swift */ = {isa = PBXFileReference; lastKnownFileType = sourcecode.swift; path = Incident.swift; sourceTree = "<group>"; };
		97D38D9A210C9D4100150CF9 /* Message.swift */ = {isa = PBXFileReference; lastKnownFileType = sourcecode.swift; path = Message.swift; sourceTree = "<group>"; };
		97D38D9C210C9D4E00150CF9 /* Translation.swift */ = {isa = PBXFileReference; lastKnownFileType = sourcecode.swift; path = Translation.swift; sourceTree = "<group>"; };
		97D38D9E210CA2E800150CF9 /* StatusMethod.swift */ = {isa = PBXFileReference; lastKnownFileType = sourcecode.swift; path = StatusMethod.swift; sourceTree = "<group>"; };
		97D38DA0210CA3A100150CF9 /* StatusBusiness.swift */ = {isa = PBXFileReference; lastKnownFileType = sourcecode.swift; path = StatusBusiness.swift; sourceTree = "<group>"; };
		97D38DA2210CA84E00150CF9 /* FeaturedGames.swift */ = {isa = PBXFileReference; lastKnownFileType = sourcecode.swift; path = FeaturedGames.swift; sourceTree = "<group>"; };
		97D38DA4210CA86000150CF9 /* GameInfo.swift */ = {isa = PBXFileReference; lastKnownFileType = sourcecode.swift; path = GameInfo.swift; sourceTree = "<group>"; };
		97D38DA6210CA86F00150CF9 /* BannedChampion.swift */ = {isa = PBXFileReference; lastKnownFileType = sourcecode.swift; path = BannedChampion.swift; sourceTree = "<group>"; };
		97D38DA8210CA88100150CF9 /* Observer.swift */ = {isa = PBXFileReference; lastKnownFileType = sourcecode.swift; path = Observer.swift; sourceTree = "<group>"; };
		97D38DAA210CA89B00150CF9 /* Participant.swift */ = {isa = PBXFileReference; lastKnownFileType = sourcecode.swift; path = Participant.swift; sourceTree = "<group>"; };
		97D38DAE210CABA700150CF9 /* GameCustomObject.swift */ = {isa = PBXFileReference; lastKnownFileType = sourcecode.swift; path = GameCustomObject.swift; sourceTree = "<group>"; };
		97D38DB0210CABBA00150CF9 /* RunePage.swift */ = {isa = PBXFileReference; lastKnownFileType = sourcecode.swift; path = RunePage.swift; sourceTree = "<group>"; };
		97D38DB2210CB3FD00150CF9 /* GameMode.swift */ = {isa = PBXFileReference; lastKnownFileType = sourcecode.swift; path = GameMode.swift; sourceTree = "<group>"; };
		97D38DB4210CC12800150CF9 /* SpectatorMethod.swift */ = {isa = PBXFileReference; lastKnownFileType = sourcecode.swift; path = SpectatorMethod.swift; sourceTree = "<group>"; };
		97D38DB6210CC2FE00150CF9 /* SpectatorBusiness.swift */ = {isa = PBXFileReference; lastKnownFileType = sourcecode.swift; path = SpectatorBusiness.swift; sourceTree = "<group>"; };
		97D38DB8210CC75E00150CF9 /* MatchList.swift */ = {isa = PBXFileReference; lastKnownFileType = sourcecode.swift; path = MatchList.swift; sourceTree = "<group>"; };
		97D38DBA210CC78B00150CF9 /* MatchReference.swift */ = {isa = PBXFileReference; lastKnownFileType = sourcecode.swift; path = MatchReference.swift; sourceTree = "<group>"; };
		97D38DBC210CCB3A00150CF9 /* Match.swift */ = {isa = PBXFileReference; lastKnownFileType = sourcecode.swift; path = Match.swift; sourceTree = "<group>"; };
		97D38DBE210CCC2100150CF9 /* MatchParticipant.swift */ = {isa = PBXFileReference; lastKnownFileType = sourcecode.swift; path = MatchParticipant.swift; sourceTree = "<group>"; };
		97D38DC0210CCC3000150CF9 /* MatchPlayer.swift */ = {isa = PBXFileReference; lastKnownFileType = sourcecode.swift; path = MatchPlayer.swift; sourceTree = "<group>"; };
		97D38DC2210CCC4700150CF9 /* TeamStats.swift */ = {isa = PBXFileReference; lastKnownFileType = sourcecode.swift; path = TeamStats.swift; sourceTree = "<group>"; };
		97D38DC4210CCC6B00150CF9 /* TeamBan.swift */ = {isa = PBXFileReference; lastKnownFileType = sourcecode.swift; path = TeamBan.swift; sourceTree = "<group>"; };
		97D38DC6210CCCA400150CF9 /* MatchParticipantIdentity.swift */ = {isa = PBXFileReference; lastKnownFileType = sourcecode.swift; path = MatchParticipantIdentity.swift; sourceTree = "<group>"; };
		97D38DC8210CCCB800150CF9 /* MatchParticipantStats.swift */ = {isa = PBXFileReference; lastKnownFileType = sourcecode.swift; path = MatchParticipantStats.swift; sourceTree = "<group>"; };
		97D38DCA210CCCDB00150CF9 /* MatchParticipantTimeline.swift */ = {isa = PBXFileReference; lastKnownFileType = sourcecode.swift; path = MatchParticipantTimeline.swift; sourceTree = "<group>"; };
		97D38DCC210CCDE200150CF9 /* LegacyRune.swift */ = {isa = PBXFileReference; lastKnownFileType = sourcecode.swift; path = LegacyRune.swift; sourceTree = "<group>"; };
		97D38DCE210CCDFD00150CF9 /* LegacyMastery.swift */ = {isa = PBXFileReference; lastKnownFileType = sourcecode.swift; path = LegacyMastery.swift; sourceTree = "<group>"; };
		97D38DD0210CF02300150CF9 /* MatchTimeline.swift */ = {isa = PBXFileReference; lastKnownFileType = sourcecode.swift; path = MatchTimeline.swift; sourceTree = "<group>"; };
		97D38DD2210CF03000150CF9 /* MatchFrame.swift */ = {isa = PBXFileReference; lastKnownFileType = sourcecode.swift; path = MatchFrame.swift; sourceTree = "<group>"; };
		97D38DD4210CF04000150CF9 /* MatchParticipantFrame.swift */ = {isa = PBXFileReference; lastKnownFileType = sourcecode.swift; path = MatchParticipantFrame.swift; sourceTree = "<group>"; };
		97D38DD6210CF04E00150CF9 /* MatchPosition.swift */ = {isa = PBXFileReference; lastKnownFileType = sourcecode.swift; path = MatchPosition.swift; sourceTree = "<group>"; };
		97D38DD8210CF05C00150CF9 /* MatchEvent.swift */ = {isa = PBXFileReference; lastKnownFileType = sourcecode.swift; path = MatchEvent.swift; sourceTree = "<group>"; };
		97D38DDA210CF85D00150CF9 /* MatchMethod.swift */ = {isa = PBXFileReference; lastKnownFileType = sourcecode.swift; path = MatchMethod.swift; sourceTree = "<group>"; };
		97D38DDC210D0CEF00150CF9 /* MatchBusiness.swift */ = {isa = PBXFileReference; lastKnownFileType = sourcecode.swift; path = MatchBusiness.swift; sourceTree = "<group>"; };
		97D38DDE210D16C400150CF9 /* ThirdPartyCodeMethod.swift */ = {isa = PBXFileReference; lastKnownFileType = sourcecode.swift; path = ThirdPartyCodeMethod.swift; sourceTree = "<group>"; };
		97D38DE0210D17B700150CF9 /* ThirdPartyCodeBusiness.swift */ = {isa = PBXFileReference; lastKnownFileType = sourcecode.swift; path = ThirdPartyCodeBusiness.swift; sourceTree = "<group>"; };
		97D38DE2210DFC7000150CF9 /* TournamentEvent.swift */ = {isa = PBXFileReference; lastKnownFileType = sourcecode.swift; path = TournamentEvent.swift; sourceTree = "<group>"; };
		97D38DE4210DFCB100150CF9 /* TournamentEventList.swift */ = {isa = PBXFileReference; lastKnownFileType = sourcecode.swift; path = TournamentEventList.swift; sourceTree = "<group>"; };
		97D38DE6210DFD9A00150CF9 /* TournamentStubMethod.swift */ = {isa = PBXFileReference; lastKnownFileType = sourcecode.swift; path = TournamentStubMethod.swift; sourceTree = "<group>"; };
		97D38DEB210DFEEC00150CF9 /* TournamentInfo.swift */ = {isa = PBXFileReference; lastKnownFileType = sourcecode.swift; path = TournamentInfo.swift; sourceTree = "<group>"; };
		97D38DED210DFFAB00150CF9 /* TournamentRegion.swift */ = {isa = PBXFileReference; lastKnownFileType = sourcecode.swift; path = TournamentRegion.swift; sourceTree = "<group>"; };
		97FB4495210A492F00C092AB /* LeagueAPI.framework */ = {isa = PBXFileReference; explicitFileType = wrapper.framework; includeInIndex = 0; path = LeagueAPI.framework; sourceTree = BUILT_PRODUCTS_DIR; };
		97FB4498210A492F00C092AB /* LeagueAPI.h */ = {isa = PBXFileReference; lastKnownFileType = sourcecode.c.h; path = LeagueAPI.h; sourceTree = "<group>"; };
		97FB4499210A492F00C092AB /* Info.plist */ = {isa = PBXFileReference; lastKnownFileType = text.plist.xml; path = Info.plist; sourceTree = "<group>"; };
/* End PBXFileReference section */

/* Begin PBXFrameworksBuildPhase section */
		97FB4491210A492F00C092AB /* Frameworks */ = {
			isa = PBXFrameworksBuildPhase;
			buildActionMask = 2147483647;
			files = (
			);
			runOnlyForDeploymentPostprocessing = 0;
		};
/* End PBXFrameworksBuildPhase section */

/* Begin PBXGroup section */
		97D38D19210A4D7700150CF9 /* Models */ = {
			isa = PBXGroup;
			children = (
				97D38D27210A547700150CF9 /* FrameworkModels */,
				97D38D26210A546700150CF9 /* RiotModels */,
			);
			path = Models;
			sourceTree = "<group>";
		};
		97D38D1C210A50A700150CF9 /* DataAccess */ = {
			isa = PBXGroup;
			children = (
				97D38D2A210A5A5C00150CF9 /* LeagueRequester.swift */,
			);
			path = DataAccess;
			sourceTree = "<group>";
		};
		97D38D1D210A50AF00150CF9 /* Business */ = {
			isa = PBXGroup;
			children = (
				97D38D76210C5C4A00150CF9 /* APIBusiness.swift */,
				97D38D78210C5D4600150CF9 /* ChampionMasteryBusiness.swift */,
				97D38D82210C6E9B00150CF9 /* ChampionBusiness.swift */,
				97D38D92210C88E800150CF9 /* RankedBusiness.swift */,
				97D38DA0210CA3A100150CF9 /* StatusBusiness.swift */,
				97D38DDC210D0CEF00150CF9 /* MatchBusiness.swift */,
				97D38DB6210CC2FE00150CF9 /* SpectatorBusiness.swift */,
				97D38D32210A5F7200150CF9 /* SummonerBusiness.swift */,
				97D38DE0210D17B700150CF9 /* ThirdPartyCodeBusiness.swift */,
			);
			path = Business;
			sourceTree = "<group>";
		};
		97D38D1E210A50B700150CF9 /* FrameworkAPI */ = {
			isa = PBXGroup;
			children = (
				97D38D34210A623A00150CF9 /* LeagueAPI.swift */,
			);
			path = FrameworkAPI;
			sourceTree = "<group>";
		};
		97D38D1F210A511D00150CF9 /* Utils */ = {
			isa = PBXGroup;
			children = (
				97D38D21210A521000150CF9 /* RESTRequester.swift */,
				97D38D23210A532B00150CF9 /* ObjectMapper.swift */,
				97D38D38210A75B800150CF9 /* Logger.swift */,
			);
			path = Utils;
			sourceTree = "<group>";
		};
		97D38D26210A546700150CF9 /* RiotModels */ = {
			isa = PBXGroup;
			children = (
				97D38D1A210A4D8D00150CF9 /* Summoner.swift */,
				97D38D74210C57E300150CF9 /* ChampionMastery.swift */,
				97D38D7C210C69CB00150CF9 /* ChampionList.swift */,
				97D38D7E210C69FE00150CF9 /* Champion.swift */,
				97D38D84210C727300150CF9 /* League.swift */,
				97D38D86210C728300150CF9 /* LeagueInfo.swift */,
				97D38D88210C729900150CF9 /* Series.swift */,
				97D38D8A210C72E900150CF9 /* RankedPosition.swift */,
				97D38D94210C9D2100150CF9 /* ServiceStatus.swift */,
				97D38D96210C9D2C00150CF9 /* Service.swift */,
				97D38D98210C9D3900150CF9 /* Incident.swift */,
				97D38D9A210C9D4100150CF9 /* Message.swift */,
				97D38D9C210C9D4E00150CF9 /* Translation.swift */,
				97D38DA2210CA84E00150CF9 /* FeaturedGames.swift */,
				97D38DA4210CA86000150CF9 /* GameInfo.swift */,
				97D38DA6210CA86F00150CF9 /* BannedChampion.swift */,
				97D38DA8210CA88100150CF9 /* Observer.swift */,
				97D38DAA210CA89B00150CF9 /* Participant.swift */,
				97D38DAE210CABA700150CF9 /* GameCustomObject.swift */,
				97D38DB0210CABBA00150CF9 /* RunePage.swift */,
				97D38DB8210CC75E00150CF9 /* MatchList.swift */,
				97D38DBA210CC78B00150CF9 /* MatchReference.swift */,
				97D38DBC210CCB3A00150CF9 /* Match.swift */,
				97D38DC6210CCCA400150CF9 /* MatchParticipantIdentity.swift */,
				97D38DC0210CCC3000150CF9 /* MatchPlayer.swift */,
				97D38DC2210CCC4700150CF9 /* TeamStats.swift */,
				97D38DC4210CCC6B00150CF9 /* TeamBan.swift */,
				97D38DBE210CCC2100150CF9 /* MatchParticipant.swift */,
				97D38DC8210CCCB800150CF9 /* MatchParticipantStats.swift */,
				97D38DCA210CCCDB00150CF9 /* MatchParticipantTimeline.swift */,
				97D38DCC210CCDE200150CF9 /* LegacyRune.swift */,
				97D38DCE210CCDFD00150CF9 /* LegacyMastery.swift */,
				97D38DD0210CF02300150CF9 /* MatchTimeline.swift */,
				97D38DD2210CF03000150CF9 /* MatchFrame.swift */,
				97D38DD4210CF04000150CF9 /* MatchParticipantFrame.swift */,
				97D38DD8210CF05C00150CF9 /* MatchEvent.swift */,
				97D38DD6210CF04E00150CF9 /* MatchPosition.swift */,
				97D38DE4210DFCB100150CF9 /* TournamentEventList.swift */,
				97D38DE2210DFC7000150CF9 /* TournamentEvent.swift */,
			);
			path = RiotModels;
			sourceTree = "<group>";
		};
		97D38D27210A547700150CF9 /* FrameworkModels */ = {
			isa = PBXGroup;
			children = (
				97D38D28210A549500150CF9 /* APIKey.swift */,
				97D38D36210A6AC900150CF9 /* RateLimit.swift */,
				97D38D72210B9ED300150CF9 /* Rate.swift */,
				97D38D3E210A7B0B00150CF9 /* ServiceProxy.swift */,
				97D38D42210A7B4900150CF9 /* Region.swift */,
				97D38D44210A7BEF00150CF9 /* Platform.swift */,
				97D38D8E210C7E8D00150CF9 /* Queue.swift */,
				97D38DB2210CB3FD00150CF9 /* GameMode.swift */,
				97D38D2D210A5B5700150CF9 /* Methods */,
				97D38DEA210DFEC000150CF9 /* BodyRequestModels */,
			);
			path = FrameworkModels;
			sourceTree = "<group>";
		};
		97D38D2C210A5AB800150CF9 /* Constants */ = {
			isa = PBXGroup;
			children = (
				97D38D4A210A823E00150CF9 /* Version.swift */,
			);
			path = Constants;
			sourceTree = "<group>";
		};
		97D38D2D210A5B5700150CF9 /* Methods */ = {
			isa = PBXGroup;
			children = (
				97D38D2E210A5B7E00150CF9 /* LeagueMethod.swift */,
				97D38D46210A80AA00150CF9 /* MethodPaths.swift */,
				97D38D7A210C5D8500150CF9 /* ChampionMasteryMethod.swift */,
				97D38D80210C6BFB00150CF9 /* ChampionMethod.swift */,
				97D38D90210C85AC00150CF9 /* RankedMethod.swift */,
				97D38D9E210CA2E800150CF9 /* StatusMethod.swift */,
				97D38DDA210CF85D00150CF9 /* MatchMethod.swift */,
				97D38DB4210CC12800150CF9 /* SpectatorMethod.swift */,
				97D38D30210A5CDA00150CF9 /* SummonerMethod.swift */,
				97D38DDE210D16C400150CF9 /* ThirdPartyCodeMethod.swift */,
				97D38DE6210DFD9A00150CF9 /* TournamentStubMethod.swift */,
			);
			path = Methods;
			sourceTree = "<group>";
		};
		97D38DEA210DFEC000150CF9 /* BodyRequestModels */ = {
			isa = PBXGroup;
			children = (
				97D38DEB210DFEEC00150CF9 /* TournamentInfo.swift */,
				97D38DED210DFFAB00150CF9 /* TournamentRegion.swift */,
			);
			path = BodyRequestModels;
			sourceTree = "<group>";
		};
		97FB448B210A492F00C092AB = {
			isa = PBXGroup;
			children = (
				97FB4497210A492F00C092AB /* LeagueAPI */,
				97FB4496210A492F00C092AB /* Products */,
			);
			sourceTree = "<group>";
		};
		97FB4496210A492F00C092AB /* Products */ = {
			isa = PBXGroup;
			children = (
				97FB4495210A492F00C092AB /* LeagueAPI.framework */,
			);
			name = Products;
			sourceTree = "<group>";
		};
		97FB4497210A492F00C092AB /* LeagueAPI */ = {
			isa = PBXGroup;
			children = (
				97D38D1E210A50B700150CF9 /* FrameworkAPI */,
				97D38D1D210A50AF00150CF9 /* Business */,
				97D38D1C210A50A700150CF9 /* DataAccess */,
				97D38D19210A4D7700150CF9 /* Models */,
				97D38D2C210A5AB800150CF9 /* Constants */,
				97D38D1F210A511D00150CF9 /* Utils */,
				97FB4498210A492F00C092AB /* LeagueAPI.h */,
				97FB4499210A492F00C092AB /* Info.plist */,
			);
			path = LeagueAPI;
			sourceTree = "<group>";
		};
/* End PBXGroup section */

/* Begin PBXHeadersBuildPhase section */
		97FB4492210A492F00C092AB /* Headers */ = {
			isa = PBXHeadersBuildPhase;
			buildActionMask = 2147483647;
			files = (
				97FB449A210A493000C092AB /* LeagueAPI.h in Headers */,
			);
			runOnlyForDeploymentPostprocessing = 0;
		};
/* End PBXHeadersBuildPhase section */

/* Begin PBXNativeTarget section */
		97FB4494210A492F00C092AB /* LeagueAPI */ = {
			isa = PBXNativeTarget;
			buildConfigurationList = 97FB449D210A493000C092AB /* Build configuration list for PBXNativeTarget "LeagueAPI" */;
			buildPhases = (
				97FB4490210A492F00C092AB /* Sources */,
				97FB4491210A492F00C092AB /* Frameworks */,
				97FB4492210A492F00C092AB /* Headers */,
				97FB4493210A492F00C092AB /* Resources */,
			);
			buildRules = (
			);
			dependencies = (
			);
			name = LeagueAPI;
			productName = LeagueAPI;
			productReference = 97FB4495210A492F00C092AB /* LeagueAPI.framework */;
			productType = "com.apple.product-type.framework";
		};
/* End PBXNativeTarget section */

/* Begin PBXProject section */
		97FB448C210A492F00C092AB /* Project object */ = {
			isa = PBXProject;
			attributes = {
				LastUpgradeCheck = 0940;
				ORGANIZATIONNAME = "Antoine Clop";
				TargetAttributes = {
					97FB4494210A492F00C092AB = {
						CreatedOnToolsVersion = 9.4.1;
						LastSwiftMigration = 0940;
					};
				};
			};
			buildConfigurationList = 97FB448F210A492F00C092AB /* Build configuration list for PBXProject "LeagueAPI" */;
			compatibilityVersion = "Xcode 9.3";
			developmentRegion = en;
			hasScannedForEncodings = 0;
			knownRegions = (
				en,
			);
			mainGroup = 97FB448B210A492F00C092AB;
			productRefGroup = 97FB4496210A492F00C092AB /* Products */;
			projectDirPath = "";
			projectRoot = "";
			targets = (
				97FB4494210A492F00C092AB /* LeagueAPI */,
			);
		};
/* End PBXProject section */

/* Begin PBXResourcesBuildPhase section */
		97FB4493210A492F00C092AB /* Resources */ = {
			isa = PBXResourcesBuildPhase;
			buildActionMask = 2147483647;
			files = (
			);
			runOnlyForDeploymentPostprocessing = 0;
		};
/* End PBXResourcesBuildPhase section */

/* Begin PBXSourcesBuildPhase section */
		97FB4490210A492F00C092AB /* Sources */ = {
			isa = PBXSourcesBuildPhase;
			buildActionMask = 2147483647;
			files = (
				97D38D9F210CA2E800150CF9 /* StatusMethod.swift in Sources */,
				97D38D75210C57E400150CF9 /* ChampionMastery.swift in Sources */,
				97D38DC1210CCC3000150CF9 /* MatchPlayer.swift in Sources */,
				97D38DE1210D17B700150CF9 /* ThirdPartyCodeBusiness.swift in Sources */,
				97D38DA9210CA88100150CF9 /* Observer.swift in Sources */,
				97D38D45210A7BEF00150CF9 /* Platform.swift in Sources */,
				97D38D35210A623A00150CF9 /* LeagueAPI.swift in Sources */,
				97D38D89210C729900150CF9 /* Series.swift in Sources */,
				97D38DB5210CC12800150CF9 /* SpectatorMethod.swift in Sources */,
				97D38D87210C728300150CF9 /* LeagueInfo.swift in Sources */,
				97D38DAB210CA89B00150CF9 /* Participant.swift in Sources */,
				97D38DB3210CB3FD00150CF9 /* GameMode.swift in Sources */,
				97D38DCB210CCCDB00150CF9 /* MatchParticipantTimeline.swift in Sources */,
				97D38DC3210CCC4700150CF9 /* TeamStats.swift in Sources */,
				97D38DD5210CF04000150CF9 /* MatchParticipantFrame.swift in Sources */,
				97D38DDB210CF85D00150CF9 /* MatchMethod.swift in Sources */,
				97D38D22210A521000150CF9 /* RESTRequester.swift in Sources */,
				97D38D79210C5D4600150CF9 /* ChampionMasteryBusiness.swift in Sources */,
				97D38DE7210DFD9A00150CF9 /* TournamentStubMethod.swift in Sources */,
				97D38DA7210CA86F00150CF9 /* BannedChampion.swift in Sources */,
				97D38DB1210CABBA00150CF9 /* RunePage.swift in Sources */,
				97D38DD9210CF05C00150CF9 /* MatchEvent.swift in Sources */,
				97D38DA1210CA3A100150CF9 /* StatusBusiness.swift in Sources */,
				97D38D2F210A5B7E00150CF9 /* LeagueMethod.swift in Sources */,
				97D38D83210C6E9B00150CF9 /* ChampionBusiness.swift in Sources */,
				97D38D8B210C72E900150CF9 /* RankedPosition.swift in Sources */,
				97D38DC5210CCC6B00150CF9 /* TeamBan.swift in Sources */,
				97D38D7F210C69FE00150CF9 /* Champion.swift in Sources */,
				97D38DCF210CCDFD00150CF9 /* LegacyMastery.swift in Sources */,
				97D38D97210C9D2C00150CF9 /* Service.swift in Sources */,
				97D38DC9210CCCB800150CF9 /* MatchParticipantStats.swift in Sources */,
				97D38DD3210CF03000150CF9 /* MatchFrame.swift in Sources */,
				97D38DEC210DFEEC00150CF9 /* TournamentInfo.swift in Sources */,
				97D38DE5210DFCB100150CF9 /* TournamentEventList.swift in Sources */,
				97D38DE3210DFC7000150CF9 /* TournamentEvent.swift in Sources */,
				97D38D39210A75B800150CF9 /* Logger.swift in Sources */,
				97D38D3F210A7B0B00150CF9 /* ServiceProxy.swift in Sources */,
				97D38D91210C85AC00150CF9 /* RankedMethod.swift in Sources */,
				97D38D93210C88E800150CF9 /* RankedBusiness.swift in Sources */,
				97D38DC7210CCCA400150CF9 /* MatchParticipantIdentity.swift in Sources */,
				97D38DDF210D16C400150CF9 /* ThirdPartyCodeMethod.swift in Sources */,
				97D38DCD210CCDE200150CF9 /* LegacyRune.swift in Sources */,
				97D38D95210C9D2100150CF9 /* ServiceStatus.swift in Sources */,
				97D38DB7210CC2FE00150CF9 /* SpectatorBusiness.swift in Sources */,
				97D38D85210C727300150CF9 /* League.swift in Sources */,
				97D38DBF210CCC2100150CF9 /* MatchParticipant.swift in Sources */,
				97D38D43210A7B4900150CF9 /* Region.swift in Sources */,
				97D38D99210C9D3900150CF9 /* Incident.swift in Sources */,
				97D38D24210A532B00150CF9 /* ObjectMapper.swift in Sources */,
				97D38D9B210C9D4100150CF9 /* Message.swift in Sources */,
				97D38D33210A5F7200150CF9 /* SummonerBusiness.swift in Sources */,
				97D38D29210A549500150CF9 /* APIKey.swift in Sources */,
				97D38DD7210CF04E00150CF9 /* MatchPosition.swift in Sources */,
				97D38DBB210CC78B00150CF9 /* MatchReference.swift in Sources */,
				97D38DEE210DFFAB00150CF9 /* TournamentRegion.swift in Sources */,
				97D38D7D210C69CB00150CF9 /* ChampionList.swift in Sources */,
				97D38DBD210CCB3A00150CF9 /* Match.swift in Sources */,
				97D38D1B210A4D8D00150CF9 /* Summoner.swift in Sources */,
				97D38D81210C6BFB00150CF9 /* ChampionMethod.swift in Sources */,
				97D38D47210A80AA00150CF9 /* MethodPaths.swift in Sources */,
				97D38D77210C5C4A00150CF9 /* APIBusiness.swift in Sources */,
				97D38D73210B9ED300150CF9 /* Rate.swift in Sources */,
				97D38D37210A6AC900150CF9 /* RateLimit.swift in Sources */,
				97D38D8F210C7E8D00150CF9 /* Queue.swift in Sources */,
				97D38D31210A5CDA00150CF9 /* SummonerMethod.swift in Sources */,
				97D38D9D210C9D4E00150CF9 /* Translation.swift in Sources */,
				97D38DDD210D0CEF00150CF9 /* MatchBusiness.swift in Sources */,
				97D38D7B210C5D8500150CF9 /* ChampionMasteryMethod.swift in Sources */,
				97D38D4B210A823E00150CF9 /* Version.swift in Sources */,
				97D38DD1210CF02300150CF9 /* MatchTimeline.swift in Sources */,
				97D38DB9210CC75E00150CF9 /* MatchList.swift in Sources */,
				97D38DAF210CABA700150CF9 /* GameCustomObject.swift in Sources */,
				97D38DA5210CA86000150CF9 /* GameInfo.swift in Sources */,
				97D38D2B210A5A5C00150CF9 /* LeagueRequester.swift in Sources */,
				97D38DA3210CA84E00150CF9 /* FeaturedGames.swift in Sources */,
			);
			runOnlyForDeploymentPostprocessing = 0;
		};
/* End PBXSourcesBuildPhase section */

/* Begin XCBuildConfiguration section */
		97FB449B210A493000C092AB /* Debug */ = {
			isa = XCBuildConfiguration;
			buildSettings = {
				ALWAYS_SEARCH_USER_PATHS = NO;
				CLANG_ANALYZER_NONNULL = YES;
				CLANG_ANALYZER_NUMBER_OBJECT_CONVERSION = YES_AGGRESSIVE;
				CLANG_CXX_LANGUAGE_STANDARD = "gnu++14";
				CLANG_CXX_LIBRARY = "libc++";
				CLANG_ENABLE_MODULES = YES;
				CLANG_ENABLE_OBJC_ARC = YES;
				CLANG_ENABLE_OBJC_WEAK = YES;
				CLANG_WARN_BLOCK_CAPTURE_AUTORELEASING = YES;
				CLANG_WARN_BOOL_CONVERSION = YES;
				CLANG_WARN_COMMA = YES;
				CLANG_WARN_CONSTANT_CONVERSION = YES;
				CLANG_WARN_DEPRECATED_OBJC_IMPLEMENTATIONS = YES;
				CLANG_WARN_DIRECT_OBJC_ISA_USAGE = YES_ERROR;
				CLANG_WARN_DOCUMENTATION_COMMENTS = YES;
				CLANG_WARN_EMPTY_BODY = YES;
				CLANG_WARN_ENUM_CONVERSION = YES;
				CLANG_WARN_INFINITE_RECURSION = YES;
				CLANG_WARN_INT_CONVERSION = YES;
				CLANG_WARN_NON_LITERAL_NULL_CONVERSION = YES;
				CLANG_WARN_OBJC_IMPLICIT_RETAIN_SELF = YES;
				CLANG_WARN_OBJC_LITERAL_CONVERSION = YES;
				CLANG_WARN_OBJC_ROOT_CLASS = YES_ERROR;
				CLANG_WARN_RANGE_LOOP_ANALYSIS = YES;
				CLANG_WARN_STRICT_PROTOTYPES = YES;
				CLANG_WARN_SUSPICIOUS_MOVE = YES;
				CLANG_WARN_UNGUARDED_AVAILABILITY = YES_AGGRESSIVE;
				CLANG_WARN_UNREACHABLE_CODE = YES;
				CLANG_WARN__DUPLICATE_METHOD_MATCH = YES;
				CODE_SIGN_IDENTITY = "iPhone Developer";
				COPY_PHASE_STRIP = NO;
				CURRENT_PROJECT_VERSION = 1;
				DEBUG_INFORMATION_FORMAT = dwarf;
				ENABLE_STRICT_OBJC_MSGSEND = YES;
				ENABLE_TESTABILITY = YES;
				GCC_C_LANGUAGE_STANDARD = gnu11;
				GCC_DYNAMIC_NO_PIC = NO;
				GCC_NO_COMMON_BLOCKS = YES;
				GCC_OPTIMIZATION_LEVEL = 0;
				GCC_PREPROCESSOR_DEFINITIONS = (
					"DEBUG=1",
					"$(inherited)",
				);
				GCC_WARN_64_TO_32_BIT_CONVERSION = YES;
				GCC_WARN_ABOUT_RETURN_TYPE = YES_ERROR;
				GCC_WARN_UNDECLARED_SELECTOR = YES;
				GCC_WARN_UNINITIALIZED_AUTOS = YES_AGGRESSIVE;
				GCC_WARN_UNUSED_FUNCTION = YES;
				GCC_WARN_UNUSED_VARIABLE = YES;
				IPHONEOS_DEPLOYMENT_TARGET = 11.4;
				MTL_ENABLE_DEBUG_INFO = YES;
				ONLY_ACTIVE_ARCH = YES;
				SDKROOT = iphoneos;
				SWIFT_ACTIVE_COMPILATION_CONDITIONS = DEBUG;
				SWIFT_OPTIMIZATION_LEVEL = "-Onone";
				VERSIONING_SYSTEM = "apple-generic";
				VERSION_INFO_PREFIX = "";
			};
			name = Debug;
		};
		97FB449C210A493000C092AB /* Release */ = {
			isa = XCBuildConfiguration;
			buildSettings = {
				ALWAYS_SEARCH_USER_PATHS = NO;
				CLANG_ANALYZER_NONNULL = YES;
				CLANG_ANALYZER_NUMBER_OBJECT_CONVERSION = YES_AGGRESSIVE;
				CLANG_CXX_LANGUAGE_STANDARD = "gnu++14";
				CLANG_CXX_LIBRARY = "libc++";
				CLANG_ENABLE_MODULES = YES;
				CLANG_ENABLE_OBJC_ARC = YES;
				CLANG_ENABLE_OBJC_WEAK = YES;
				CLANG_WARN_BLOCK_CAPTURE_AUTORELEASING = YES;
				CLANG_WARN_BOOL_CONVERSION = YES;
				CLANG_WARN_COMMA = YES;
				CLANG_WARN_CONSTANT_CONVERSION = YES;
				CLANG_WARN_DEPRECATED_OBJC_IMPLEMENTATIONS = YES;
				CLANG_WARN_DIRECT_OBJC_ISA_USAGE = YES_ERROR;
				CLANG_WARN_DOCUMENTATION_COMMENTS = YES;
				CLANG_WARN_EMPTY_BODY = YES;
				CLANG_WARN_ENUM_CONVERSION = YES;
				CLANG_WARN_INFINITE_RECURSION = YES;
				CLANG_WARN_INT_CONVERSION = YES;
				CLANG_WARN_NON_LITERAL_NULL_CONVERSION = YES;
				CLANG_WARN_OBJC_IMPLICIT_RETAIN_SELF = YES;
				CLANG_WARN_OBJC_LITERAL_CONVERSION = YES;
				CLANG_WARN_OBJC_ROOT_CLASS = YES_ERROR;
				CLANG_WARN_RANGE_LOOP_ANALYSIS = YES;
				CLANG_WARN_STRICT_PROTOTYPES = YES;
				CLANG_WARN_SUSPICIOUS_MOVE = YES;
				CLANG_WARN_UNGUARDED_AVAILABILITY = YES_AGGRESSIVE;
				CLANG_WARN_UNREACHABLE_CODE = YES;
				CLANG_WARN__DUPLICATE_METHOD_MATCH = YES;
				CODE_SIGN_IDENTITY = "iPhone Developer";
				COPY_PHASE_STRIP = NO;
				CURRENT_PROJECT_VERSION = 1;
				DEBUG_INFORMATION_FORMAT = "dwarf-with-dsym";
				ENABLE_NS_ASSERTIONS = NO;
				ENABLE_STRICT_OBJC_MSGSEND = YES;
				GCC_C_LANGUAGE_STANDARD = gnu11;
				GCC_NO_COMMON_BLOCKS = YES;
				GCC_WARN_64_TO_32_BIT_CONVERSION = YES;
				GCC_WARN_ABOUT_RETURN_TYPE = YES_ERROR;
				GCC_WARN_UNDECLARED_SELECTOR = YES;
				GCC_WARN_UNINITIALIZED_AUTOS = YES_AGGRESSIVE;
				GCC_WARN_UNUSED_FUNCTION = YES;
				GCC_WARN_UNUSED_VARIABLE = YES;
				IPHONEOS_DEPLOYMENT_TARGET = 11.4;
				MTL_ENABLE_DEBUG_INFO = NO;
				SDKROOT = iphoneos;
				SWIFT_COMPILATION_MODE = wholemodule;
				SWIFT_OPTIMIZATION_LEVEL = "-O";
				VALIDATE_PRODUCT = YES;
				VERSIONING_SYSTEM = "apple-generic";
				VERSION_INFO_PREFIX = "";
			};
			name = Release;
		};
		97FB449E210A493000C092AB /* Debug */ = {
			isa = XCBuildConfiguration;
			buildSettings = {
				CLANG_ENABLE_MODULES = YES;
				CODE_SIGN_IDENTITY = "";
				CODE_SIGN_STYLE = Automatic;
				DEFINES_MODULE = YES;
				DEVELOPMENT_TEAM = 26WDH86H37;
				DYLIB_COMPATIBILITY_VERSION = 1;
				DYLIB_CURRENT_VERSION = 1;
				DYLIB_INSTALL_NAME_BASE = "@rpath";
				INFOPLIST_FILE = LeagueAPI/Info.plist;
				INSTALL_PATH = "$(LOCAL_LIBRARY_DIR)/Frameworks";
				LD_RUNPATH_SEARCH_PATHS = (
					"$(inherited)",
					"@executable_path/Frameworks",
					"@loader_path/Frameworks",
				);
				PRODUCT_BUNDLE_IDENTIFIER = com.kelmatou.LeagueAPI;
				PRODUCT_NAME = "$(TARGET_NAME:c99extidentifier)";
				SKIP_INSTALL = YES;
				SWIFT_OPTIMIZATION_LEVEL = "-Onone";
				SWIFT_VERSION = 4.0;
				TARGETED_DEVICE_FAMILY = "1,2";
			};
			name = Debug;
		};
		97FB449F210A493000C092AB /* Release */ = {
			isa = XCBuildConfiguration;
			buildSettings = {
				CLANG_ENABLE_MODULES = YES;
				CODE_SIGN_IDENTITY = "";
				CODE_SIGN_STYLE = Automatic;
				DEFINES_MODULE = YES;
				DEVELOPMENT_TEAM = 26WDH86H37;
				DYLIB_COMPATIBILITY_VERSION = 1;
				DYLIB_CURRENT_VERSION = 1;
				DYLIB_INSTALL_NAME_BASE = "@rpath";
				INFOPLIST_FILE = LeagueAPI/Info.plist;
				INSTALL_PATH = "$(LOCAL_LIBRARY_DIR)/Frameworks";
				LD_RUNPATH_SEARCH_PATHS = (
					"$(inherited)",
					"@executable_path/Frameworks",
					"@loader_path/Frameworks",
				);
				PRODUCT_BUNDLE_IDENTIFIER = com.kelmatou.LeagueAPI;
				PRODUCT_NAME = "$(TARGET_NAME:c99extidentifier)";
				SKIP_INSTALL = YES;
				SWIFT_VERSION = 4.0;
				TARGETED_DEVICE_FAMILY = "1,2";
			};
			name = Release;
		};
/* End XCBuildConfiguration section */

/* Begin XCConfigurationList section */
		97FB448F210A492F00C092AB /* Build configuration list for PBXProject "LeagueAPI" */ = {
			isa = XCConfigurationList;
			buildConfigurations = (
				97FB449B210A493000C092AB /* Debug */,
				97FB449C210A493000C092AB /* Release */,
			);
			defaultConfigurationIsVisible = 0;
			defaultConfigurationName = Release;
		};
		97FB449D210A493000C092AB /* Build configuration list for PBXNativeTarget "LeagueAPI" */ = {
			isa = XCConfigurationList;
			buildConfigurations = (
				97FB449E210A493000C092AB /* Debug */,
				97FB449F210A493000C092AB /* Release */,
			);
			defaultConfigurationIsVisible = 0;
			defaultConfigurationName = Release;
		};
/* End XCConfigurationList section */
	};
	rootObject = 97FB448C210A492F00C092AB /* Project object */;
}
